// !$*UTF8*$!
{
	archiveVersion = 1;
	classes = {
	};
	objectVersion = 50;
	objects = {

/* Begin PBXBuildFile section */
		86C1C53026D7E4FD00763E7E /* TabNavigationTestApp.swift in Sources */ = {isa = PBXBuildFile; fileRef = 86C1C52F26D7E4FD00763E7E /* TabNavigationTestApp.swift */; };
		86C1C53226D7E4FD00763E7E /* ContentView.swift in Sources */ = {isa = PBXBuildFile; fileRef = 86C1C53126D7E4FD00763E7E /* ContentView.swift */; };
		86C1C53426D7E50300763E7E /* Assets.xcassets in Resources */ = {isa = PBXBuildFile; fileRef = 86C1C53326D7E50300763E7E /* Assets.xcassets */; };
		86C1C53726D7E50300763E7E /* Preview Assets.xcassets in Resources */ = {isa = PBXBuildFile; fileRef = 86C1C53626D7E50300763E7E /* Preview Assets.xcassets */; };
		86C1C54026D7EDDC00763E7E /* HomeView.swift in Sources */ = {isa = PBXBuildFile; fileRef = 86C1C53F26D7EDDC00763E7E /* HomeView.swift */; };
		86C1C54226D7EE2D00763E7E /* NewsView.swift in Sources */ = {isa = PBXBuildFile; fileRef = 86C1C54126D7EE2D00763E7E /* NewsView.swift */; };
		86C1C54426D7EE4800763E7E /* InfoView.swift in Sources */ = {isa = PBXBuildFile; fileRef = 86C1C54326D7EE4800763E7E /* InfoView.swift */; };
		86C1C54626D7EE8300763E7E /* MenuView.swift in Sources */ = {isa = PBXBuildFile; fileRef = 86C1C54526D7EE8300763E7E /* MenuView.swift */; };
		86C1C54826D7EEA500763E7E /* GalleryView.swift in Sources */ = {isa = PBXBuildFile; fileRef = 86C1C54726D7EEA500763E7E /* GalleryView.swift */; };
		86C1C54B26D9186600763E7E /* NavigationElement.swift in Sources */ = {isa = PBXBuildFile; fileRef = 86C1C54A26D9186600763E7E /* NavigationElement.swift */; };
		86C1C54F26D9665800763E7E /* MenuElement.swift in Sources */ = {isa = PBXBuildFile; fileRef = 86C1C54E26D9665800763E7E /* MenuElement.swift */; };
		86C1C55226D9668100763E7E /* NewsElement.swift in Sources */ = {isa = PBXBuildFile; fileRef = 86C1C55126D9668100763E7E /* NewsElement.swift */; };
		86C1C55626D971A000763E7E /* Extensions.swift in Sources */ = {isa = PBXBuildFile; fileRef = 86C1C55526D971A000763E7E /* Extensions.swift */; };
		86C1C55B26DA4D4B00763E7E /* RestaurantLogo.swift in Sources */ = {isa = PBXBuildFile; fileRef = 86C1C55A26DA4D4A00763E7E /* RestaurantLogo.swift */; };
/* End PBXBuildFile section */

/* Begin PBXFileReference section */
		86C1C52C26D7E4FD00763E7E /* TabNavigationTest.app */ = {isa = PBXFileReference; explicitFileType = wrapper.application; includeInIndex = 0; path = TabNavigationTest.app; sourceTree = BUILT_PRODUCTS_DIR; };
		86C1C52F26D7E4FD00763E7E /* TabNavigationTestApp.swift */ = {isa = PBXFileReference; lastKnownFileType = sourcecode.swift; path = TabNavigationTestApp.swift; sourceTree = "<group>"; };
		86C1C53126D7E4FD00763E7E /* ContentView.swift */ = {isa = PBXFileReference; lastKnownFileType = sourcecode.swift; path = ContentView.swift; sourceTree = "<group>"; };
		86C1C53326D7E50300763E7E /* Assets.xcassets */ = {isa = PBXFileReference; lastKnownFileType = folder.assetcatalog; path = Assets.xcassets; sourceTree = "<group>"; };
		86C1C53626D7E50300763E7E /* Preview Assets.xcassets */ = {isa = PBXFileReference; lastKnownFileType = folder.assetcatalog; path = "Preview Assets.xcassets"; sourceTree = "<group>"; };
		86C1C53826D7E50300763E7E /* Info.plist */ = {isa = PBXFileReference; lastKnownFileType = text.plist.xml; path = Info.plist; sourceTree = "<group>"; };
		86C1C53F26D7EDDC00763E7E /* HomeView.swift */ = {isa = PBXFileReference; lastKnownFileType = sourcecode.swift; path = HomeView.swift; sourceTree = "<group>"; };
		86C1C54126D7EE2D00763E7E /* NewsView.swift */ = {isa = PBXFileReference; lastKnownFileType = sourcecode.swift; path = NewsView.swift; sourceTree = "<group>"; };
		86C1C54326D7EE4800763E7E /* InfoView.swift */ = {isa = PBXFileReference; lastKnownFileType = sourcecode.swift; path = InfoView.swift; sourceTree = "<group>"; };
		86C1C54526D7EE8300763E7E /* MenuView.swift */ = {isa = PBXFileReference; lastKnownFileType = sourcecode.swift; path = MenuView.swift; sourceTree = "<group>"; };
		86C1C54726D7EEA500763E7E /* GalleryView.swift */ = {isa = PBXFileReference; lastKnownFileType = sourcecode.swift; path = GalleryView.swift; sourceTree = "<group>"; };
		86C1C54A26D9186600763E7E /* NavigationElement.swift */ = {isa = PBXFileReference; lastKnownFileType = sourcecode.swift; path = NavigationElement.swift; sourceTree = "<group>"; };
		86C1C54E26D9665800763E7E /* MenuElement.swift */ = {isa = PBXFileReference; lastKnownFileType = sourcecode.swift; path = MenuElement.swift; sourceTree = "<group>"; };
		86C1C55126D9668100763E7E /* NewsElement.swift */ = {isa = PBXFileReference; lastKnownFileType = sourcecode.swift; path = NewsElement.swift; sourceTree = "<group>"; };
		86C1C55526D971A000763E7E /* Extensions.swift */ = {isa = PBXFileReference; lastKnownFileType = sourcecode.swift; path = Extensions.swift; sourceTree = "<group>"; };
		86C1C55A26DA4D4A00763E7E /* RestaurantLogo.swift */ = {isa = PBXFileReference; lastKnownFileType = sourcecode.swift; path = RestaurantLogo.swift; sourceTree = "<group>"; };
/* End PBXFileReference section */

/* Begin PBXFrameworksBuildPhase section */
		86C1C52926D7E4FD00763E7E /* Frameworks */ = {
			isa = PBXFrameworksBuildPhase;
			buildActionMask = 2147483647;
			files = (
			);
			runOnlyForDeploymentPostprocessing = 0;
		};
/* End PBXFrameworksBuildPhase section */

/* Begin PBXGroup section */
		86C1C52326D7E4FD00763E7E = {
			isa = PBXGroup;
			children = (
				86C1C52E26D7E4FD00763E7E /* TabNavigationTest */,
				86C1C52D26D7E4FD00763E7E /* Products */,
			);
			sourceTree = "<group>";
		};
		86C1C52D26D7E4FD00763E7E /* Products */ = {
			isa = PBXGroup;
			children = (
				86C1C52C26D7E4FD00763E7E /* TabNavigationTest.app */,
			);
			name = Products;
			sourceTree = "<group>";
		};
		86C1C52E26D7E4FD00763E7E /* TabNavigationTest */ = {
			isa = PBXGroup;
			children = (
				86C1C55326D9718700763E7E /* Extensions */,
				86C1C54926D9185400763E7E /* Model */,
				86C1C53E26D7EDC700763E7E /* Views */,
				86C1C52F26D7E4FD00763E7E /* TabNavigationTestApp.swift */,
				86C1C53126D7E4FD00763E7E /* ContentView.swift */,
				86C1C53326D7E50300763E7E /* Assets.xcassets */,
				86C1C53826D7E50300763E7E /* Info.plist */,
				86C1C53526D7E50300763E7E /* Preview Content */,
			);
			path = TabNavigationTest;
			sourceTree = "<group>";
		};
		86C1C53526D7E50300763E7E /* Preview Content */ = {
			isa = PBXGroup;
			children = (
				86C1C53626D7E50300763E7E /* Preview Assets.xcassets */,
			);
			path = "Preview Content";
			sourceTree = "<group>";
		};
		86C1C53E26D7EDC700763E7E /* Views */ = {
			isa = PBXGroup;
			children = (
				86C1C55726D9760F00763E7E /* ReusableComponents */,
				86C1C53F26D7EDDC00763E7E /* HomeView.swift */,
				86C1C54126D7EE2D00763E7E /* NewsView.swift */,
				86C1C54326D7EE4800763E7E /* InfoView.swift */,
				86C1C54526D7EE8300763E7E /* MenuView.swift */,
				86C1C54726D7EEA500763E7E /* GalleryView.swift */,
			);
			path = Views;
			sourceTree = "<group>";
		};
		86C1C54926D9185400763E7E /* Model */ = {
			isa = PBXGroup;
			children = (
				86C1C54A26D9186600763E7E /* NavigationElement.swift */,
				86C1C54E26D9665800763E7E /* MenuElement.swift */,
				86C1C55126D9668100763E7E /* NewsElement.swift */,
			);
			path = Model;
			sourceTree = "<group>";
		};
		86C1C55326D9718700763E7E /* Extensions */ = {
			isa = PBXGroup;
			children = (
				86C1C55526D971A000763E7E /* Extensions.swift */,
			);
			path = Extensions;
			sourceTree = "<group>";
		};
		86C1C55726D9760F00763E7E /* ReusableComponents */ = {
			isa = PBXGroup;
			children = (
				86C1C55A26DA4D4A00763E7E /* RestaurantLogo.swift */,
			);
			path = ReusableComponents;
			sourceTree = "<group>";
		};
/* End PBXGroup section */

/* Begin PBXNativeTarget section */
		86C1C52B26D7E4FD00763E7E /* TabNavigationTest */ = {
			isa = PBXNativeTarget;
			buildConfigurationList = 86C1C53B26D7E50300763E7E /* Build configuration list for PBXNativeTarget "TabNavigationTest" */;
			buildPhases = (
				86C1C52826D7E4FD00763E7E /* Sources */,
				86C1C52926D7E4FD00763E7E /* Frameworks */,
				86C1C52A26D7E4FD00763E7E /* Resources */,
			);
			buildRules = (
			);
			dependencies = (
			);
			name = TabNavigationTest;
			productName = TabNavigationTest;
			productReference = 86C1C52C26D7E4FD00763E7E /* TabNavigationTest.app */;
			productType = "com.apple.product-type.application";
		};
/* End PBXNativeTarget section */

/* Begin PBXProject section */
		86C1C52426D7E4FD00763E7E /* Project object */ = {
			isa = PBXProject;
			attributes = {
				LastSwiftUpdateCheck = 1250;
				LastUpgradeCheck = 1250;
				TargetAttributes = {
					86C1C52B26D7E4FD00763E7E = {
						CreatedOnToolsVersion = 12.5.1;
					};
				};
			};
			buildConfigurationList = 86C1C52726D7E4FD00763E7E /* Build configuration list for PBXProject "TabNavigationTest" */;
			compatibilityVersion = "Xcode 9.3";
			developmentRegion = en;
			hasScannedForEncodings = 0;
			knownRegions = (
				en,
				Base,
			);
			mainGroup = 86C1C52326D7E4FD00763E7E;
			productRefGroup = 86C1C52D26D7E4FD00763E7E /* Products */;
			projectDirPath = "";
			projectRoot = "";
			targets = (
				86C1C52B26D7E4FD00763E7E /* TabNavigationTest */,
			);
		};
/* End PBXProject section */

/* Begin PBXResourcesBuildPhase section */
		86C1C52A26D7E4FD00763E7E /* Resources */ = {
			isa = PBXResourcesBuildPhase;
			buildActionMask = 2147483647;
			files = (
				86C1C53726D7E50300763E7E /* Preview Assets.xcassets in Resources */,
				86C1C53426D7E50300763E7E /* Assets.xcassets in Resources */,
			);
			runOnlyForDeploymentPostprocessing = 0;
		};
/* End PBXResourcesBuildPhase section */

/* Begin PBXSourcesBuildPhase section */
		86C1C52826D7E4FD00763E7E /* Sources */ = {
			isa = PBXSourcesBuildPhase;
			buildActionMask = 2147483647;
			files = (
				86C1C54826D7EEA500763E7E /* GalleryView.swift in Sources */,
				86C1C54026D7EDDC00763E7E /* HomeView.swift in Sources */,
				86C1C54626D7EE8300763E7E /* MenuView.swift in Sources */,
				86C1C54226D7EE2D00763E7E /* NewsView.swift in Sources */,
				86C1C54F26D9665800763E7E /* MenuElement.swift in Sources */,
				86C1C55B26DA4D4B00763E7E /* RestaurantLogo.swift in Sources */,
				86C1C54B26D9186600763E7E /* NavigationElement.swift in Sources */,
				86C1C53226D7E4FD00763E7E /* ContentView.swift in Sources */,
				86C1C55226D9668100763E7E /* NewsElement.swift in Sources */,
				86C1C54426D7EE4800763E7E /* InfoView.swift in Sources */,
				86C1C55626D971A000763E7E /* Extensions.swift in Sources */,
				86C1C53026D7E4FD00763E7E /* TabNavigationTestApp.swift in Sources */,
			);
			runOnlyForDeploymentPostprocessing = 0;
		};
/* End PBXSourcesBuildPhase section */

/* Begin XCBuildConfiguration section */
		86C1C53926D7E50300763E7E /* Debug */ = {
			isa = XCBuildConfiguration;
			buildSettings = {
				ALWAYS_SEARCH_USER_PATHS = NO;
				CLANG_ANALYZER_NONNULL = YES;
				CLANG_ANALYZER_NUMBER_OBJECT_CONVERSION = YES_AGGRESSIVE;
				CLANG_CXX_LANGUAGE_STANDARD = "gnu++14";
				CLANG_CXX_LIBRARY = "libc++";
				CLANG_ENABLE_MODULES = YES;
				CLANG_ENABLE_OBJC_ARC = YES;
				CLANG_ENABLE_OBJC_WEAK = YES;
				CLANG_WARN_BLOCK_CAPTURE_AUTORELEASING = YES;
				CLANG_WARN_BOOL_CONVERSION = YES;
				CLANG_WARN_COMMA = YES;
				CLANG_WARN_CONSTANT_CONVERSION = YES;
				CLANG_WARN_DEPRECATED_OBJC_IMPLEMENTATIONS = YES;
				CLANG_WARN_DIRECT_OBJC_ISA_USAGE = YES_ERROR;
				CLANG_WARN_DOCUMENTATION_COMMENTS = YES;
				CLANG_WARN_EMPTY_BODY = YES;
				CLANG_WARN_ENUM_CONVERSION = YES;
				CLANG_WARN_INFINITE_RECURSION = YES;
				CLANG_WARN_INT_CONVERSION = YES;
				CLANG_WARN_NON_LITERAL_NULL_CONVERSION = YES;
				CLANG_WARN_OBJC_IMPLICIT_RETAIN_SELF = YES;
				CLANG_WARN_OBJC_LITERAL_CONVERSION = YES;
				CLANG_WARN_OBJC_ROOT_CLASS = YES_ERROR;
				CLANG_WARN_QUOTED_INCLUDE_IN_FRAMEWORK_HEADER = YES;
				CLANG_WARN_RANGE_LOOP_ANALYSIS = YES;
				CLANG_WARN_STRICT_PROTOTYPES = YES;
				CLANG_WARN_SUSPICIOUS_MOVE = YES;
				CLANG_WARN_UNGUARDED_AVAILABILITY = YES_AGGRESSIVE;
				CLANG_WARN_UNREACHABLE_CODE = YES;
				CLANG_WARN__DUPLICATE_METHOD_MATCH = YES;
				COPY_PHASE_STRIP = NO;
				DEBUG_INFORMATION_FORMAT = dwarf;
				ENABLE_STRICT_OBJC_MSGSEND = YES;
				ENABLE_TESTABILITY = YES;
				GCC_C_LANGUAGE_STANDARD = gnu11;
				GCC_DYNAMIC_NO_PIC = NO;
				GCC_NO_COMMON_BLOCKS = YES;
				GCC_OPTIMIZATION_LEVEL = 0;
				GCC_PREPROCESSOR_DEFINITIONS = (
					"DEBUG=1",
					"$(inherited)",
				);
				GCC_WARN_64_TO_32_BIT_CONVERSION = YES;
				GCC_WARN_ABOUT_RETURN_TYPE = YES_ERROR;
				GCC_WARN_UNDECLARED_SELECTOR = YES;
				GCC_WARN_UNINITIALIZED_AUTOS = YES_AGGRESSIVE;
				GCC_WARN_UNUSED_FUNCTION = YES;
				GCC_WARN_UNUSED_VARIABLE = YES;
				IPHONEOS_DEPLOYMENT_TARGET = 14.5;
				MTL_ENABLE_DEBUG_INFO = INCLUDE_SOURCE;
				MTL_FAST_MATH = YES;
				ONLY_ACTIVE_ARCH = YES;
				SDKROOT = iphoneos;
				SWIFT_ACTIVE_COMPILATION_CONDITIONS = DEBUG;
				SWIFT_OPTIMIZATION_LEVEL = "-Onone";
			};
			name = Debug;
		};
		86C1C53A26D7E50300763E7E /* Release */ = {
			isa = XCBuildConfiguration;
			buildSettings = {
				ALWAYS_SEARCH_USER_PATHS = NO;
				CLANG_ANALYZER_NONNULL = YES;
				CLANG_ANALYZER_NUMBER_OBJECT_CONVERSION = YES_AGGRESSIVE;
				CLANG_CXX_LANGUAGE_STANDARD = "gnu++14";
				CLANG_CXX_LIBRARY = "libc++";
				CLANG_ENABLE_MODULES = YES;
				CLANG_ENABLE_OBJC_ARC = YES;
				CLANG_ENABLE_OBJC_WEAK = YES;
				CLANG_WARN_BLOCK_CAPTURE_AUTORELEASING = YES;
				CLANG_WARN_BOOL_CONVERSION = YES;
				CLANG_WARN_COMMA = YES;
				CLANG_WARN_CONSTANT_CONVERSION = YES;
				CLANG_WARN_DEPRECATED_OBJC_IMPLEMENTATIONS = YES;
				CLANG_WARN_DIRECT_OBJC_ISA_USAGE = YES_ERROR;
				CLANG_WARN_DOCUMENTATION_COMMENTS = YES;
				CLANG_WARN_EMPTY_BODY = YES;
				CLANG_WARN_ENUM_CONVERSION = YES;
				CLANG_WARN_INFINITE_RECURSION = YES;
				CLANG_WARN_INT_CONVERSION = YES;
				CLANG_WARN_NON_LITERAL_NULL_CONVERSION = YES;
				CLANG_WARN_OBJC_IMPLICIT_RETAIN_SELF = YES;
				CLANG_WARN_OBJC_LITERAL_CONVERSION = YES;
				CLANG_WARN_OBJC_ROOT_CLASS = YES_ERROR;
				CLANG_WARN_QUOTED_INCLUDE_IN_FRAMEWORK_HEADER = YES;
				CLANG_WARN_RANGE_LOOP_ANALYSIS = YES;
				CLANG_WARN_STRICT_PROTOTYPES = YES;
				CLANG_WARN_SUSPICIOUS_MOVE = YES;
				CLANG_WARN_UNGUARDED_AVAILABILITY = YES_AGGRESSIVE;
				CLANG_WARN_UNREACHABLE_CODE = YES;
				CLANG_WARN__DUPLICATE_METHOD_MATCH = YES;
				COPY_PHASE_STRIP = NO;
				DEBUG_INFORMATION_FORMAT = "dwarf-with-dsym";
				ENABLE_NS_ASSERTIONS = NO;
				ENABLE_STRICT_OBJC_MSGSEND = YES;
				GCC_C_LANGUAGE_STANDARD = gnu11;
				GCC_NO_COMMON_BLOCKS = YES;
				GCC_WARN_64_TO_32_BIT_CONVERSION = YES;
				GCC_WARN_ABOUT_RETURN_TYPE = YES_ERROR;
				GCC_WARN_UNDECLARED_SELECTOR = YES;
				GCC_WARN_UNINITIALIZED_AUTOS = YES_AGGRESSIVE;
				GCC_WARN_UNUSED_FUNCTION = YES;
				GCC_WARN_UNUSED_VARIABLE = YES;
				IPHONEOS_DEPLOYMENT_TARGET = 14.5;
				MTL_ENABLE_DEBUG_INFO = NO;
				MTL_FAST_MATH = YES;
				SDKROOT = iphoneos;
				SWIFT_COMPILATION_MODE = wholemodule;
				SWIFT_OPTIMIZATION_LEVEL = "-O";
				VALIDATE_PRODUCT = YES;
			};
			name = Release;
		};
		86C1C53C26D7E50300763E7E /* Debug */ = {
			isa = XCBuildConfiguration;
			buildSettings = {
				ASSETCATALOG_COMPILER_APPICON_NAME = AppIcon;
				ASSETCATALOG_COMPILER_GLOBAL_ACCENT_COLOR_NAME = AccentColor;
				CODE_SIGN_STYLE = Automatic;
				DEVELOPMENT_ASSET_PATHS = "\"TabNavigationTest/Preview Content\"";
				ENABLE_PREVIEWS = YES;
				INFOPLIST_FILE = TabNavigationTest/Info.plist;
				IPHONEOS_DEPLOYMENT_TARGET = 14.0;
				LD_RUNPATH_SEARCH_PATHS = (
					"$(inherited)",
					"@executable_path/Frameworks",
				);
				PRODUCT_BUNDLE_IDENTIFIER = com.mycompanyname.TabNavigationTest;
				PRODUCT_NAME = "$(TARGET_NAME)";
				SWIFT_VERSION = 5.0;
				TARGETED_DEVICE_FAMILY = "1,2";
			};
			name = Debug;
		};
		86C1C53D26D7E50300763E7E /* Release */ = {
			isa = XCBuildConfiguration;
			buildSettings = {
				ASSETCATALOG_COMPILER_APPICON_NAME = AppIcon;
				ASSETCATALOG_COMPILER_GLOBAL_ACCENT_COLOR_NAME = AccentColor;
				CODE_SIGN_STYLE = Automatic;
				DEVELOPMENT_ASSET_PATHS = "\"TabNavigationTest/Preview Content\"";
				ENABLE_PREVIEWS = YES;
				INFOPLIST_FILE = TabNavigationTest/Info.plist;
				IPHONEOS_DEPLOYMENT_TARGET = 14.0;
				LD_RUNPATH_SEARCH_PATHS = (
					"$(inherited)",
					"@executable_path/Frameworks",
				);
				PRODUCT_BUNDLE_IDENTIFIER = com.mycompanyname.TabNavigationTest;
				PRODUCT_NAME = "$(TARGET_NAME)";
				SWIFT_VERSION = 5.0;
				TARGETED_DEVICE_FAMILY = "1,2";
			};
			name = Release;
		};
/* End XCBuildConfiguration section */

/* Begin XCConfigurationList section */
		86C1C52726D7E4FD00763E7E /* Build configuration list for PBXProject "TabNavigationTest" */ = {
			isa = XCConfigurationList;
			buildConfigurations = (
				86C1C53926D7E50300763E7E /* Debug */,
				86C1C53A26D7E50300763E7E /* Release */,
			);
			defaultConfigurationIsVisible = 0;
			defaultConfigurationName = Release;
		};
		86C1C53B26D7E50300763E7E /* Build configuration list for PBXNativeTarget "TabNavigationTest" */ = {
			isa = XCConfigurationList;
			buildConfigurations = (
				86C1C53C26D7E50300763E7E /* Debug */,
				86C1C53D26D7E50300763E7E /* Release */,
			);
			defaultConfigurationIsVisible = 0;
			defaultConfigurationName = Release;
		};
/* End XCConfigurationList section */
	};
	rootObject = 86C1C52426D7E4FD00763E7E /* Project object */;
}
